PODS:
  - MultiplatformBleAdapter (0.1.8)

DEPENDENCIES:
  - MultiplatformBleAdapter (from `https://github.com/pk-solutions/MultiPlatformBleAdapter`, commit `046374e43baace8fb5defed77eb2552fbe2987a1`)

EXTERNAL SOURCES:
  MultiplatformBleAdapter:
    :commit: 046374e43baace8fb5defed77eb2552fbe2987a1
    :git: https://github.com/pk-solutions/MultiPlatformBleAdapter

CHECKOUT OPTIONS:
  MultiplatformBleAdapter:
    :commit: 046374e43baace8fb5defed77eb2552fbe2987a1
    :git: https://github.com/pk-solutions/MultiPlatformBleAdapter

SPEC CHECKSUMS:
  MultiplatformBleAdapter: bdfdd698ea5d816f0f389eda13d5b07a1bc74b59

PODFILE CHECKSUM: 77180376162e70f1a5da8bc11e9b9cd9ac1121c4

COCOAPODS: 1.10.1
