PODS:
  - MultiplatformBleAdapter (0.1.9)

DEPENDENCIES:
  - MultiplatformBleAdapter (from `https://github.com/below/MultiPlatformBleAdapter`, tag `0.1.9`)

EXTERNAL SOURCES:
  MultiplatformBleAdapter:
    :git: https://github.com/below/MultiPlatformBleAdapter
    :tag: 0.1.9

CHECKOUT OPTIONS:
  MultiplatformBleAdapter:
    :git: https://github.com/below/MultiPlatformBleAdapter
    :tag: 0.1.9

SPEC CHECKSUMS:
  MultiplatformBleAdapter: 5a6a897b006764392f9cef785e4360f54fb9477d

PODFILE CHECKSUM: 1bee1c4d311e8dbb684c5c420a9b48cb357cbe2e

COCOAPODS: 1.10.1
